
Microsoft Visual Studio Solution File, Format Version 12.00
# Visual Studio Version 17
VisualStudioVersion = 17.13.35825.156 d17.13
MinimumVisualStudioVersion = 10.0.40219.1
Project("{FAE04EC0-301F-11D3-BF4B-00C04F79EFBC}") = "EediTask", "EediTask\EediTask.csproj", "{A8986B56-61E3-4A73-BA5A-178F1FFD1A03}"
EndProject
Project("{FAE04EC0-301F-11D3-BF4B-00C04F79EFBC}") = "Application", "Application\Application.csproj", "{C09F70F3-8DCE-4A4F-86B7-E7BD8F7B7224}"
EndProject
Project("{FAE04EC0-301F-11D3-BF4B-00C04F79EFBC}") = "Infrastructure", "Infrastructure\Infrastructure.csproj", "{43CB7A9F-64E0-474D-A408-442E7E102A4C}"
EndProject
Project("{FAE04EC0-301F-11D3-BF4B-00C04F79EFBC}") = "Domain", "Domain\Domain.csproj", "{A05218BD-F864-4531-98C9-CDF5BF4A9E82}"
EndProject
Global
	GlobalSection(SolutionConfigurationPlatforms) = preSolution
		Debug|Any CPU = Debug|Any CPU
		Release|Any CPU = Release|Any CPU
	EndGlobalSection
	GlobalSection(ProjectConfigurationPlatforms) = postSolution
		{A8986B56-61E3-4A73-BA5A-178F1FFD1A03}.Debug|Any CPU.ActiveCfg = Debug|Any CPU
		{A8986B56-61E3-4A73-BA5A-178F1FFD1A03}.Debug|Any CPU.Build.0 = Debug|Any CPU
		{A8986B56-61E3-4A73-BA5A-178F1FFD1A03}.Release|Any CPU.ActiveCfg = Release|Any CPU
		{A8986B56-61E3-4A73-BA5A-178F1FFD1A03}.Release|Any CPU.Build.0 = Release|Any CPU
		{C09F70F3-8DCE-4A4F-86B7-E7BD8F7B7224}.Debug|Any CPU.ActiveCfg = Debug|Any CPU
		{C09F70F3-8DCE-4A4F-86B7-E7BD8F7B7224}.Debug|Any CPU.Build.0 = Debug|Any CPU
		{C09F70F3-8DCE-4A4F-86B7-E7BD8F7B7224}.Release|Any CPU.ActiveCfg = Release|Any CPU
		{C09F70F3-8DCE-4A4F-86B7-E7BD8F7B7224}.Release|Any CPU.Build.0 = Release|Any CPU
		{43CB7A9F-64E0-474D-A408-442E7E102A4C}.Debug|Any CPU.ActiveCfg = Debug|Any CPU
		{43CB7A9F-64E0-474D-A408-442E7E102A4C}.Debug|Any CPU.Build.0 = Debug|Any CPU
		{43CB7A9F-64E0-474D-A408-442E7E102A4C}.Release|Any CPU.ActiveCfg = Release|Any CPU
		{43CB7A9F-64E0-474D-A408-442E7E102A4C}.Release|Any CPU.Build.0 = Release|Any CPU
		{A05218BD-F864-4531-98C9-CDF5BF4A9E82}.Debug|Any CPU.ActiveCfg = Debug|Any CPU
		{A05218BD-F864-4531-98C9-CDF5BF4A9E82}.Debug|Any CPU.Build.0 = Debug|Any CPU
		{A05218BD-F864-4531-98C9-CDF5BF4A9E82}.Release|Any CPU.ActiveCfg = Release|Any CPU
		{A05218BD-F864-4531-98C9-CDF5BF4A9E82}.Release|Any CPU.Build.0 = Release|Any CPU
	EndGlobalSection
	GlobalSection(SolutionProperties) = preSolution
		HideSolutionNode = FALSE
	EndGlobalSection
	GlobalSection(ExtensibilityGlobals) = postSolution
		SolutionGuid = {F040B367-FC24-448D-ABDF-5A352EB3248F}
	EndGlobalSection
EndGlobal
